
Microsoft Visual Studio Solution File, Format Version 12.00
# Visual Studio Version 17
VisualStudioVersion = 17.9.34728.123
MinimumVisualStudioVersion = 10.0.40219.1
Project("{FAE04EC0-301F-11D3-BF4B-00C04F79EFBC}") = "Assignment1", "Assignment1.csproj", "{BE407925-279E-4D32-AFC5-10ED8A37BF49}"
EndProject
Global
	GlobalSection(SolutionConfigurationPlatforms) = preSolution
		Debug|Any CPU = Debug|Any CPU
		Release|Any CPU = Release|Any CPU
	EndGlobalSection
	GlobalSection(ProjectConfigurationPlatforms) = postSolution
		{BE407925-279E-4D32-AFC5-10ED8A37BF49}.Debug|Any CPU.ActiveCfg = Debug|Any CPU
		{BE407925-279E-4D32-AFC5-10ED8A37BF49}.Debug|Any CPU.Build.0 = Debug|Any CPU
		{BE407925-279E-4D32-AFC5-10ED8A37BF49}.Release|Any CPU.ActiveCfg = Release|Any CPU
		{BE407925-279E-4D32-AFC5-10ED8A37BF49}.Release|Any CPU.Build.0 = Release|Any CPU
	EndGlobalSection
	GlobalSection(SolutionProperties) = preSolution
		HideSolutionNode = FALSE
	EndGlobalSection
	GlobalSection(ExtensibilityGlobals) = postSolution
		SolutionGuid = {9CFAB497-2DCE-46A2-A2BC-85DBFC0C72D0}
	EndGlobalSection
EndGlobal
